
Microsoft Visual Studio Solution File, Format Version 12.00
# Visual Studio Version 17
VisualStudioVersion = 17.5.002.0
MinimumVisualStudioVersion = 10.0.40219.1
Project("{9A19103F-16F7-4668-BE54-9A1E7A4F7556}") = "Game Developer 2", "Game Developer 2.csproj", "{1F841E6D-6143-4D3C-B7B8-3E87516715B7}"
EndProject
Global
	GlobalSection(SolutionConfigurationPlatforms) = preSolution
		Debug|Any CPU = Debug|Any CPU
		Release|Any CPU = Release|Any CPU
	EndGlobalSection
	GlobalSection(ProjectConfigurationPlatforms) = postSolution
		{1F841E6D-6143-4D3C-B7B8-3E87516715B7}.Debug|Any CPU.ActiveCfg = Debug|Any CPU
		{1F841E6D-6143-4D3C-B7B8-3E87516715B7}.Debug|Any CPU.Build.0 = Debug|Any CPU
		{1F841E6D-6143-4D3C-B7B8-3E87516715B7}.Release|Any CPU.ActiveCfg = Release|Any CPU
		{1F841E6D-6143-4D3C-B7B8-3E87516715B7}.Release|Any CPU.Build.0 = Release|Any CPU
	EndGlobalSection
	GlobalSection(SolutionProperties) = preSolution
		HideSolutionNode = FALSE
	EndGlobalSection
	GlobalSection(ExtensibilityGlobals) = postSolution
		SolutionGuid = {D5B590BD-9A07-4864-8A09-C88F96B44145}
	EndGlobalSection
EndGlobal
