
Microsoft Visual Studio Solution File, Format Version 12.00
# Visual Studio Version 17
VisualStudioVersion = 17.5.002.0
MinimumVisualStudioVersion = 10.0.40219.1
Project("{9A19103F-16F7-4668-BE54-9A1E7A4F7556}") = "Game Developer 1", "Game Developer 1.csproj", "{FBF2584F-339A-434F-B83C-2F6A363789B3}"
EndProject
Global
	GlobalSection(SolutionConfigurationPlatforms) = preSolution
		Debug|Any CPU = Debug|Any CPU
		Release|Any CPU = Release|Any CPU
	EndGlobalSection
	GlobalSection(ProjectConfigurationPlatforms) = postSolution
		{FBF2584F-339A-434F-B83C-2F6A363789B3}.Debug|Any CPU.ActiveCfg = Debug|Any CPU
		{FBF2584F-339A-434F-B83C-2F6A363789B3}.Debug|Any CPU.Build.0 = Debug|Any CPU
		{FBF2584F-339A-434F-B83C-2F6A363789B3}.Release|Any CPU.ActiveCfg = Release|Any CPU
		{FBF2584F-339A-434F-B83C-2F6A363789B3}.Release|Any CPU.Build.0 = Release|Any CPU
	EndGlobalSection
	GlobalSection(SolutionProperties) = preSolution
		HideSolutionNode = FALSE
	EndGlobalSection
	GlobalSection(ExtensibilityGlobals) = postSolution
		SolutionGuid = {B4ACF53C-ADA5-4292-8F61-87D1284A271A}
	EndGlobalSection
EndGlobal
